// !$*UTF8*$!
{
	archiveVersion = 1;
	classes = {
	};
	objectVersion = 55;
	objects = {

/* Begin PBXBuildFile section */
		9F0CF34627F0E1C400F351A6 /* GPT3Completion.swift in Sources */ = {isa = PBXBuildFile; fileRef = 9F0CF34527F0E1C400F351A6 /* GPT3Completion.swift */; };
		9F0CF34827F0E3BB00F351A6 /* NetworkErrorsManager.swift in Sources */ = {isa = PBXBuildFile; fileRef = 9F0CF34727F0E3BB00F351A6 /* NetworkErrorsManager.swift */; };
		9F0CF34A27F0EA1500F351A6 /* Request.swift in Sources */ = {isa = PBXBuildFile; fileRef = 9F0CF34927F0EA1500F351A6 /* Request.swift */; };
		9F0CF34C27F0ECB300F351A6 /* APIClient.swift in Sources */ = {isa = PBXBuildFile; fileRef = 9F0CF34B27F0ECB300F351A6 /* APIClient.swift */; };
		9F57801327EBB5CB0087DE31 /* MacronWillCallApp.swift in Sources */ = {isa = PBXBuildFile; fileRef = 9F57801227EBB5CB0087DE31 /* MacronWillCallApp.swift */; };
		9F57801527EBB5CB0087DE31 /* MainView.swift in Sources */ = {isa = PBXBuildFile; fileRef = 9F57801427EBB5CB0087DE31 /* MainView.swift */; };
		9F57801727EBB5CC0087DE31 /* Assets.xcassets in Resources */ = {isa = PBXBuildFile; fileRef = 9F57801627EBB5CC0087DE31 /* Assets.xcassets */; };
		9F57801A27EBB5CC0087DE31 /* Preview Assets.xcassets in Resources */ = {isa = PBXBuildFile; fileRef = 9F57801927EBB5CC0087DE31 /* Preview Assets.xcassets */; };
		9F57802527EBB8990087DE31 /* Constants.swift in Sources */ = {isa = PBXBuildFile; fileRef = 9F57802427EBB8990087DE31 /* Constants.swift */; };
		9F57802A27EBB9020087DE31 /* NetworkService.swift in Sources */ = {isa = PBXBuildFile; fileRef = 9F57802927EBB9020087DE31 /* NetworkService.swift */; };
		9F57802F27EBBE950087DE31 /* MainViewModel.swift in Sources */ = {isa = PBXBuildFile; fileRef = 9F57802E27EBBE950087DE31 /* MainViewModel.swift */; };
/* End PBXBuildFile section */

/* Begin PBXFileReference section */
		9F0CF34527F0E1C400F351A6 /* GPT3Completion.swift */ = {isa = PBXFileReference; lastKnownFileType = sourcecode.swift; path = GPT3Completion.swift; sourceTree = "<group>"; };
		9F0CF34727F0E3BB00F351A6 /* NetworkErrorsManager.swift */ = {isa = PBXFileReference; lastKnownFileType = sourcecode.swift; path = NetworkErrorsManager.swift; sourceTree = "<group>"; };
		9F0CF34927F0EA1500F351A6 /* Request.swift */ = {isa = PBXFileReference; lastKnownFileType = sourcecode.swift; path = Request.swift; sourceTree = "<group>"; };
		9F0CF34B27F0ECB300F351A6 /* APIClient.swift */ = {isa = PBXFileReference; lastKnownFileType = sourcecode.swift; path = APIClient.swift; sourceTree = "<group>"; };
		9F57800F27EBB5CB0087DE31 /* MacronWillCall.app */ = {isa = PBXFileReference; explicitFileType = wrapper.application; includeInIndex = 0; path = MacronWillCall.app; sourceTree = BUILT_PRODUCTS_DIR; };
		9F57801227EBB5CB0087DE31 /* MacronWillCallApp.swift */ = {isa = PBXFileReference; lastKnownFileType = sourcecode.swift; path = MacronWillCallApp.swift; sourceTree = "<group>"; };
		9F57801427EBB5CB0087DE31 /* MainView.swift */ = {isa = PBXFileReference; lastKnownFileType = sourcecode.swift; path = MainView.swift; sourceTree = "<group>"; };
		9F57801627EBB5CC0087DE31 /* Assets.xcassets */ = {isa = PBXFileReference; lastKnownFileType = folder.assetcatalog; path = Assets.xcassets; sourceTree = "<group>"; };
		9F57801927EBB5CC0087DE31 /* Preview Assets.xcassets */ = {isa = PBXFileReference; lastKnownFileType = folder.assetcatalog; path = "Preview Assets.xcassets"; sourceTree = "<group>"; };
		9F57802427EBB8990087DE31 /* Constants.swift */ = {isa = PBXFileReference; lastKnownFileType = sourcecode.swift; path = Constants.swift; sourceTree = "<group>"; };
		9F57802927EBB9020087DE31 /* NetworkService.swift */ = {isa = PBXFileReference; lastKnownFileType = sourcecode.swift; path = NetworkService.swift; sourceTree = "<group>"; };
		9F57802E27EBBE950087DE31 /* MainViewModel.swift */ = {isa = PBXFileReference; lastKnownFileType = sourcecode.swift; path = MainViewModel.swift; sourceTree = "<group>"; };
/* End PBXFileReference section */

/* Begin PBXFrameworksBuildPhase section */
		9F57800C27EBB5CB0087DE31 /* Frameworks */ = {
			isa = PBXFrameworksBuildPhase;
			buildActionMask = 2147483647;
			files = (
			);
			runOnlyForDeploymentPostprocessing = 0;
		};
/* End PBXFrameworksBuildPhase section */

/* Begin PBXGroup section */
		9F0CF34427F0E1B400F351A6 /* Models */ = {
			isa = PBXGroup;
			children = (
				9F0CF34527F0E1C400F351A6 /* GPT3Completion.swift */,
			);
			path = Models;
			sourceTree = "<group>";
		};
		9F57800627EBB5CA0087DE31 = {
			isa = PBXGroup;
			children = (
				9F57801127EBB5CB0087DE31 /* MacronWillCall */,
				9F57801027EBB5CB0087DE31 /* Products */,
			);
			sourceTree = "<group>";
		};
		9F57801027EBB5CB0087DE31 /* Products */ = {
			isa = PBXGroup;
			children = (
				9F57800F27EBB5CB0087DE31 /* MacronWillCall.app */,
			);
			name = Products;
			sourceTree = "<group>";
		};
		9F57801127EBB5CB0087DE31 /* MacronWillCall */ = {
			isa = PBXGroup;
			children = (
				9F57802127EBB6490087DE31 /* Base */,
				9F57802827EBB8F20087DE31 /* NetworkService */,
				9F57802027EBB5FE0087DE31 /* Services */,
				9F57802327EBB8890087DE31 /* Helpers */,
				9F57802B27EBBD3A0087DE31 /* Groups */,
				9F57801827EBB5CC0087DE31 /* Preview Content */,
				9F57801627EBB5CC0087DE31 /* Assets.xcassets */,
			);
			path = MacronWillCall;
			sourceTree = "<group>";
		};
		9F57801827EBB5CC0087DE31 /* Preview Content */ = {
			isa = PBXGroup;
			children = (
				9F57801927EBB5CC0087DE31 /* Preview Assets.xcassets */,
			);
			path = "Preview Content";
			sourceTree = "<group>";
		};
		9F57802027EBB5FE0087DE31 /* Services */ = {
			isa = PBXGroup;
			children = (
				9F57802227EBB6570087DE31 /* NeuralLinkService */,
			);
			path = Services;
			sourceTree = "<group>";
		};
		9F57802127EBB6490087DE31 /* Base */ = {
			isa = PBXGroup;
			children = (
				9F57801227EBB5CB0087DE31 /* MacronWillCallApp.swift */,
			);
			path = Base;
			sourceTree = "<group>";
		};
		9F57802227EBB6570087DE31 /* NeuralLinkService */ = {
			isa = PBXGroup;
			children = (
			);
			path = NeuralLinkService;
			sourceTree = "<group>";
		};
		9F57802327EBB8890087DE31 /* Helpers */ = {
			isa = PBXGroup;
			children = (
				9F57802427EBB8990087DE31 /* Constants.swift */,
			);
			path = Helpers;
			sourceTree = "<group>";
		};
		9F57802827EBB8F20087DE31 /* NetworkService */ = {
			isa = PBXGroup;
			children = (
				9F0CF34B27F0ECB300F351A6 /* APIClient.swift */,
				9F0CF34927F0EA1500F351A6 /* Request.swift */,
				9F57802927EBB9020087DE31 /* NetworkService.swift */,
				9F0CF34727F0E3BB00F351A6 /* NetworkErrorsManager.swift */,
				9F0CF34427F0E1B400F351A6 /* Models */,
			);
			path = NetworkService;
			sourceTree = "<group>";
		};
		9F57802B27EBBD3A0087DE31 /* Groups */ = {
			isa = PBXGroup;
			children = (
				9F57802C27EBBE3F0087DE31 /* Main */,
			);
			path = Groups;
			sourceTree = "<group>";
		};
		9F57802C27EBBE3F0087DE31 /* Main */ = {
			isa = PBXGroup;
			children = (
				9F57801427EBB5CB0087DE31 /* MainView.swift */,
				9F57802D27EBBE8A0087DE31 /* ViewModel */,
			);
			path = Main;
			sourceTree = "<group>";
		};
		9F57802D27EBBE8A0087DE31 /* ViewModel */ = {
			isa = PBXGroup;
			children = (
				9F57802E27EBBE950087DE31 /* MainViewModel.swift */,
			);
			path = ViewModel;
			sourceTree = "<group>";
		};
/* End PBXGroup section */

/* Begin PBXNativeTarget section */
		9F57800E27EBB5CB0087DE31 /* MacronWillCall */ = {
			isa = PBXNativeTarget;
			buildConfigurationList = 9F57801D27EBB5CC0087DE31 /* Build configuration list for PBXNativeTarget "MacronWillCall" */;
			buildPhases = (
				9F57800B27EBB5CB0087DE31 /* Sources */,
				9F57800C27EBB5CB0087DE31 /* Frameworks */,
				9F57800D27EBB5CB0087DE31 /* Resources */,
			);
			buildRules = (
			);
			dependencies = (
			);
			name = MacronWillCall;
			productName = MacronWillCall;
			productReference = 9F57800F27EBB5CB0087DE31 /* MacronWillCall.app */;
			productType = "com.apple.product-type.application";
		};
/* End PBXNativeTarget section */

/* Begin PBXProject section */
		9F57800727EBB5CA0087DE31 /* Project object */ = {
			isa = PBXProject;
			attributes = {
				BuildIndependentTargetsInParallel = 1;
				LastSwiftUpdateCheck = 1320;
				LastUpgradeCheck = 1320;
				TargetAttributes = {
					9F57800E27EBB5CB0087DE31 = {
						CreatedOnToolsVersion = 13.2.1;
					};
				};
			};
			buildConfigurationList = 9F57800A27EBB5CA0087DE31 /* Build configuration list for PBXProject "MacronWillCall" */;
			compatibilityVersion = "Xcode 13.0";
			developmentRegion = en;
			hasScannedForEncodings = 0;
			knownRegions = (
				en,
				Base,
			);
			mainGroup = 9F57800627EBB5CA0087DE31;
			productRefGroup = 9F57801027EBB5CB0087DE31 /* Products */;
			projectDirPath = "";
			projectRoot = "";
			targets = (
				9F57800E27EBB5CB0087DE31 /* MacronWillCall */,
			);
		};
/* End PBXProject section */

/* Begin PBXResourcesBuildPhase section */
		9F57800D27EBB5CB0087DE31 /* Resources */ = {
			isa = PBXResourcesBuildPhase;
			buildActionMask = 2147483647;
			files = (
				9F57801A27EBB5CC0087DE31 /* Preview Assets.xcassets in Resources */,
				9F57801727EBB5CC0087DE31 /* Assets.xcassets in Resources */,
			);
			runOnlyForDeploymentPostprocessing = 0;
		};
/* End PBXResourcesBuildPhase section */

/* Begin PBXSourcesBuildPhase section */
		9F57800B27EBB5CB0087DE31 /* Sources */ = {
			isa = PBXSourcesBuildPhase;
			buildActionMask = 2147483647;
			files = (
				9F57802F27EBBE950087DE31 /* MainViewModel.swift in Sources */,
				9F0CF34A27F0EA1500F351A6 /* Request.swift in Sources */,
				9F57801527EBB5CB0087DE31 /* MainView.swift in Sources */,
				9F57801327EBB5CB0087DE31 /* MacronWillCallApp.swift in Sources */,
				9F0CF34627F0E1C400F351A6 /* GPT3Completion.swift in Sources */,
				9F57802A27EBB9020087DE31 /* NetworkService.swift in Sources */,
				9F0CF34827F0E3BB00F351A6 /* NetworkErrorsManager.swift in Sources */,
				9F0CF34C27F0ECB300F351A6 /* APIClient.swift in Sources */,
				9F57802527EBB8990087DE31 /* Constants.swift in Sources */,
			);
			runOnlyForDeploymentPostprocessing = 0;
		};
/* End PBXSourcesBuildPhase section */

/* Begin XCBuildConfiguration section */
		9F57801B27EBB5CC0087DE31 /* Debug */ = {
			isa = XCBuildConfiguration;
			buildSettings = {
				ALWAYS_SEARCH_USER_PATHS = NO;
				CLANG_ANALYZER_NONNULL = YES;
				CLANG_ANALYZER_NUMBER_OBJECT_CONVERSION = YES_AGGRESSIVE;
				CLANG_CXX_LANGUAGE_STANDARD = "gnu++17";
				CLANG_CXX_LIBRARY = "libc++";
				CLANG_ENABLE_MODULES = YES;
				CLANG_ENABLE_OBJC_ARC = YES;
				CLANG_ENABLE_OBJC_WEAK = YES;
				CLANG_WARN_BLOCK_CAPTURE_AUTORELEASING = YES;
				CLANG_WARN_BOOL_CONVERSION = YES;
				CLANG_WARN_COMMA = YES;
				CLANG_WARN_CONSTANT_CONVERSION = YES;
				CLANG_WARN_DEPRECATED_OBJC_IMPLEMENTATIONS = YES;
				CLANG_WARN_DIRECT_OBJC_ISA_USAGE = YES_ERROR;
				CLANG_WARN_DOCUMENTATION_COMMENTS = YES;
				CLANG_WARN_EMPTY_BODY = YES;
				CLANG_WARN_ENUM_CONVERSION = YES;
				CLANG_WARN_INFINITE_RECURSION = YES;
				CLANG_WARN_INT_CONVERSION = YES;
				CLANG_WARN_NON_LITERAL_NULL_CONVERSION = YES;
				CLANG_WARN_OBJC_IMPLICIT_RETAIN_SELF = YES;
				CLANG_WARN_OBJC_LITERAL_CONVERSION = YES;
				CLANG_WARN_OBJC_ROOT_CLASS = YES_ERROR;
				CLANG_WARN_QUOTED_INCLUDE_IN_FRAMEWORK_HEADER = YES;
				CLANG_WARN_RANGE_LOOP_ANALYSIS = YES;
				CLANG_WARN_STRICT_PROTOTYPES = YES;
				CLANG_WARN_SUSPICIOUS_MOVE = YES;
				CLANG_WARN_UNGUARDED_AVAILABILITY = YES_AGGRESSIVE;
				CLANG_WARN_UNREACHABLE_CODE = YES;
				CLANG_WARN__DUPLICATE_METHOD_MATCH = YES;
				COPY_PHASE_STRIP = NO;
				DEBUG_INFORMATION_FORMAT = dwarf;
				ENABLE_STRICT_OBJC_MSGSEND = YES;
				ENABLE_TESTABILITY = YES;
				GCC_C_LANGUAGE_STANDARD = gnu11;
				GCC_DYNAMIC_NO_PIC = NO;
				GCC_NO_COMMON_BLOCKS = YES;
				GCC_OPTIMIZATION_LEVEL = 0;
				GCC_PREPROCESSOR_DEFINITIONS = (
					"DEBUG=1",
					"$(inherited)",
				);
				GCC_WARN_64_TO_32_BIT_CONVERSION = YES;
				GCC_WARN_ABOUT_RETURN_TYPE = YES_ERROR;
				GCC_WARN_UNDECLARED_SELECTOR = YES;
				GCC_WARN_UNINITIALIZED_AUTOS = YES_AGGRESSIVE;
				GCC_WARN_UNUSED_FUNCTION = YES;
				GCC_WARN_UNUSED_VARIABLE = YES;
				IPHONEOS_DEPLOYMENT_TARGET = 15.2;
				MTL_ENABLE_DEBUG_INFO = INCLUDE_SOURCE;
				MTL_FAST_MATH = YES;
				ONLY_ACTIVE_ARCH = YES;
				SDKROOT = iphoneos;
				SWIFT_ACTIVE_COMPILATION_CONDITIONS = DEBUG;
				SWIFT_OPTIMIZATION_LEVEL = "-Onone";
			};
			name = Debug;
		};
		9F57801C27EBB5CC0087DE31 /* Release */ = {
			isa = XCBuildConfiguration;
			buildSettings = {
				ALWAYS_SEARCH_USER_PATHS = NO;
				CLANG_ANALYZER_NONNULL = YES;
				CLANG_ANALYZER_NUMBER_OBJECT_CONVERSION = YES_AGGRESSIVE;
				CLANG_CXX_LANGUAGE_STANDARD = "gnu++17";
				CLANG_CXX_LIBRARY = "libc++";
				CLANG_ENABLE_MODULES = YES;
				CLANG_ENABLE_OBJC_ARC = YES;
				CLANG_ENABLE_OBJC_WEAK = YES;
				CLANG_WARN_BLOCK_CAPTURE_AUTORELEASING = YES;
				CLANG_WARN_BOOL_CONVERSION = YES;
				CLANG_WARN_COMMA = YES;
				CLANG_WARN_CONSTANT_CONVERSION = YES;
				CLANG_WARN_DEPRECATED_OBJC_IMPLEMENTATIONS = YES;
				CLANG_WARN_DIRECT_OBJC_ISA_USAGE = YES_ERROR;
				CLANG_WARN_DOCUMENTATION_COMMENTS = YES;
				CLANG_WARN_EMPTY_BODY = YES;
				CLANG_WARN_ENUM_CONVERSION = YES;
				CLANG_WARN_INFINITE_RECURSION = YES;
				CLANG_WARN_INT_CONVERSION = YES;
				CLANG_WARN_NON_LITERAL_NULL_CONVERSION = YES;
				CLANG_WARN_OBJC_IMPLICIT_RETAIN_SELF = YES;
				CLANG_WARN_OBJC_LITERAL_CONVERSION = YES;
				CLANG_WARN_OBJC_ROOT_CLASS = YES_ERROR;
				CLANG_WARN_QUOTED_INCLUDE_IN_FRAMEWORK_HEADER = YES;
				CLANG_WARN_RANGE_LOOP_ANALYSIS = YES;
				CLANG_WARN_STRICT_PROTOTYPES = YES;
				CLANG_WARN_SUSPICIOUS_MOVE = YES;
				CLANG_WARN_UNGUARDED_AVAILABILITY = YES_AGGRESSIVE;
				CLANG_WARN_UNREACHABLE_CODE = YES;
				CLANG_WARN__DUPLICATE_METHOD_MATCH = YES;
				COPY_PHASE_STRIP = NO;
				DEBUG_INFORMATION_FORMAT = "dwarf-with-dsym";
				ENABLE_NS_ASSERTIONS = NO;
				ENABLE_STRICT_OBJC_MSGSEND = YES;
				GCC_C_LANGUAGE_STANDARD = gnu11;
				GCC_NO_COMMON_BLOCKS = YES;
				GCC_WARN_64_TO_32_BIT_CONVERSION = YES;
				GCC_WARN_ABOUT_RETURN_TYPE = YES_ERROR;
				GCC_WARN_UNDECLARED_SELECTOR = YES;
				GCC_WARN_UNINITIALIZED_AUTOS = YES_AGGRESSIVE;
				GCC_WARN_UNUSED_FUNCTION = YES;
				GCC_WARN_UNUSED_VARIABLE = YES;
				IPHONEOS_DEPLOYMENT_TARGET = 15.2;
				MTL_ENABLE_DEBUG_INFO = NO;
				MTL_FAST_MATH = YES;
				SDKROOT = iphoneos;
				SWIFT_COMPILATION_MODE = wholemodule;
				SWIFT_OPTIMIZATION_LEVEL = "-O";
				VALIDATE_PRODUCT = YES;
			};
			name = Release;
		};
		9F57801E27EBB5CC0087DE31 /* Debug */ = {
			isa = XCBuildConfiguration;
			buildSettings = {
				ASSETCATALOG_COMPILER_APPICON_NAME = AppIcon;
				ASSETCATALOG_COMPILER_GLOBAL_ACCENT_COLOR_NAME = AccentColor;
				CODE_SIGN_STYLE = Automatic;
				CURRENT_PROJECT_VERSION = 1;
				DEVELOPMENT_ASSET_PATHS = "\"MacronWillCall/Preview Content\"";
				DEVELOPMENT_TEAM = 8Y78N5A25W;
				ENABLE_PREVIEWS = YES;
				GENERATE_INFOPLIST_FILE = YES;
				INFOPLIST_KEY_UIApplicationSceneManifest_Generation = YES;
				INFOPLIST_KEY_UIApplicationSupportsIndirectInputEvents = YES;
				INFOPLIST_KEY_UILaunchScreen_Generation = YES;
				INFOPLIST_KEY_UISupportedInterfaceOrientations_iPad = "UIInterfaceOrientationPortrait UIInterfaceOrientationPortraitUpsideDown UIInterfaceOrientationLandscapeLeft UIInterfaceOrientationLandscapeRight";
				INFOPLIST_KEY_UISupportedInterfaceOrientations_iPhone = "UIInterfaceOrientationPortrait UIInterfaceOrientationLandscapeLeft UIInterfaceOrientationLandscapeRight";
				LD_RUNPATH_SEARCH_PATHS = (
					"$(inherited)",
					"@executable_path/Frameworks",
				);
				MARKETING_VERSION = 1.0;
				PRODUCT_BUNDLE_IDENTIFIER = ru.grigoriy.MacronWillCall;
				PRODUCT_NAME = "$(TARGET_NAME)";
				SWIFT_EMIT_LOC_STRINGS = YES;
				SWIFT_VERSION = 5.0;
				TARGETED_DEVICE_FAMILY = "1,2";
			};
			name = Debug;
		};
		9F57801F27EBB5CC0087DE31 /* Release */ = {
			isa = XCBuildConfiguration;
			buildSettings = {
				ASSETCATALOG_COMPILER_APPICON_NAME = AppIcon;
				ASSETCATALOG_COMPILER_GLOBAL_ACCENT_COLOR_NAME = AccentColor;
				CODE_SIGN_STYLE = Automatic;
				CURRENT_PROJECT_VERSION = 1;
				DEVELOPMENT_ASSET_PATHS = "\"MacronWillCall/Preview Content\"";
				DEVELOPMENT_TEAM = 8Y78N5A25W;
				ENABLE_PREVIEWS = YES;
				GENERATE_INFOPLIST_FILE = YES;
				INFOPLIST_KEY_UIApplicationSceneManifest_Generation = YES;
				INFOPLIST_KEY_UIApplicationSupportsIndirectInputEvents = YES;
				INFOPLIST_KEY_UILaunchScreen_Generation = YES;
				INFOPLIST_KEY_UISupportedInterfaceOrientations_iPad = "UIInterfaceOrientationPortrait UIInterfaceOrientationPortraitUpsideDown UIInterfaceOrientationLandscapeLeft UIInterfaceOrientationLandscapeRight";
				INFOPLIST_KEY_UISupportedInterfaceOrientations_iPhone = "UIInterfaceOrientationPortrait UIInterfaceOrientationLandscapeLeft UIInterfaceOrientationLandscapeRight";
				LD_RUNPATH_SEARCH_PATHS = (
					"$(inherited)",
					"@executable_path/Frameworks",
				);
				MARKETING_VERSION = 1.0;
				PRODUCT_BUNDLE_IDENTIFIER = ru.grigoriy.MacronWillCall;
				PRODUCT_NAME = "$(TARGET_NAME)";
				SWIFT_EMIT_LOC_STRINGS = YES;
				SWIFT_VERSION = 5.0;
				TARGETED_DEVICE_FAMILY = "1,2";
			};
			name = Release;
		};
/* End XCBuildConfiguration section */

/* Begin XCConfigurationList section */
		9F57800A27EBB5CA0087DE31 /* Build configuration list for PBXProject "MacronWillCall" */ = {
			isa = XCConfigurationList;
			buildConfigurations = (
				9F57801B27EBB5CC0087DE31 /* Debug */,
				9F57801C27EBB5CC0087DE31 /* Release */,
			);
			defaultConfigurationIsVisible = 0;
			defaultConfigurationName = Release;
		};
		9F57801D27EBB5CC0087DE31 /* Build configuration list for PBXNativeTarget "MacronWillCall" */ = {
			isa = XCConfigurationList;
			buildConfigurations = (
				9F57801E27EBB5CC0087DE31 /* Debug */,
				9F57801F27EBB5CC0087DE31 /* Release */,
			);
			defaultConfigurationIsVisible = 0;
			defaultConfigurationName = Release;
		};
/* End XCConfigurationList section */
	};
	rootObject = 9F57800727EBB5CA0087DE31 /* Project object */;
}
